// !$*UTF8*$!
{
	archiveVersion = 1;
	classes = {
	};
	objectVersion = 56;
	objects = {

/* Begin PBXBuildFile section */
		454B8AB3294269D900C55615 /* AppDelegate.swift in Sources */ = {isa = PBXBuildFile; fileRef = 454B8AB2294269D900C55615 /* AppDelegate.swift */; };
		454B8AB5294269D900C55615 /* SceneDelegate.swift in Sources */ = {isa = PBXBuildFile; fileRef = 454B8AB4294269D900C55615 /* SceneDelegate.swift */; };
		454B8AB7294269D900C55615 /* AnimationViewController.swift in Sources */ = {isa = PBXBuildFile; fileRef = 454B8AB6294269D900C55615 /* AnimationViewController.swift */; };
		454B8ABC294269DC00C55615 /* Assets.xcassets in Resources */ = {isa = PBXBuildFile; fileRef = 454B8ABB294269DC00C55615 /* Assets.xcassets */; };
		454B8AC829426B0C00C55615 /* SpringAnimation in Frameworks */ = {isa = PBXBuildFile; productRef = 454B8AC729426B0C00C55615 /* SpringAnimation */; };
		454B8ACA2942712100C55615 /* Extension + UIButton.swift in Sources */ = {isa = PBXBuildFile; fileRef = 454B8AC92942712100C55615 /* Extension + UIButton.swift */; };
		45A16AEA2943CE9300BC0AF4 /* Main.storyboard in Resources */ = {isa = PBXBuildFile; fileRef = 45A16AE92943CE9300BC0AF4 /* Main.storyboard */; };
		45A16AEC2943CF3800BC0AF4 /* LaunchScreen.storyboard in Resources */ = {isa = PBXBuildFile; fileRef = 45A16AEB2943CF3800BC0AF4 /* LaunchScreen.storyboard */; };
/* End PBXBuildFile section */

/* Begin PBXFileReference section */
		454B8AAF294269D900C55615 /* SpringAnimationHW.app */ = {isa = PBXFileReference; explicitFileType = wrapper.application; includeInIndex = 0; path = SpringAnimationHW.app; sourceTree = BUILT_PRODUCTS_DIR; };
		454B8AB2294269D900C55615 /* AppDelegate.swift */ = {isa = PBXFileReference; lastKnownFileType = sourcecode.swift; path = AppDelegate.swift; sourceTree = "<group>"; };
		454B8AB4294269D900C55615 /* SceneDelegate.swift */ = {isa = PBXFileReference; lastKnownFileType = sourcecode.swift; path = SceneDelegate.swift; sourceTree = "<group>"; };
		454B8AB6294269D900C55615 /* AnimationViewController.swift */ = {isa = PBXFileReference; lastKnownFileType = sourcecode.swift; path = AnimationViewController.swift; sourceTree = "<group>"; };
		454B8ABB294269DC00C55615 /* Assets.xcassets */ = {isa = PBXFileReference; lastKnownFileType = folder.assetcatalog; path = Assets.xcassets; sourceTree = "<group>"; };
		454B8AC0294269DC00C55615 /* Info.plist */ = {isa = PBXFileReference; lastKnownFileType = text.plist.xml; path = Info.plist; sourceTree = "<group>"; };
		454B8AC92942712100C55615 /* Extension + UIButton.swift */ = {isa = PBXFileReference; lastKnownFileType = sourcecode.swift; path = "Extension + UIButton.swift"; sourceTree = "<group>"; };
		45A16AE92943CE9300BC0AF4 /* Main.storyboard */ = {isa = PBXFileReference; fileEncoding = 4; lastKnownFileType = file.storyboard; path = Main.storyboard; sourceTree = "<group>"; };
		45A16AEB2943CF3800BC0AF4 /* LaunchScreen.storyboard */ = {isa = PBXFileReference; fileEncoding = 4; lastKnownFileType = file.storyboard; path = LaunchScreen.storyboard; sourceTree = "<group>"; };
/* End PBXFileReference section */

/* Begin PBXFrameworksBuildPhase section */
		454B8AAC294269D900C55615 /* Frameworks */ = {
			isa = PBXFrameworksBuildPhase;
			buildActionMask = 2147483647;
			files = (
				454B8AC829426B0C00C55615 /* SpringAnimation in Frameworks */,
			);
			runOnlyForDeploymentPostprocessing = 0;
		};
/* End PBXFrameworksBuildPhase section */

/* Begin PBXGroup section */
		454B8AA6294269D900C55615 = {
			isa = PBXGroup;
			children = (
				454B8AB1294269D900C55615 /* SpringAnimationHW */,
				454B8AB0294269D900C55615 /* Products */,
			);
			sourceTree = "<group>";
		};
		454B8AB0294269D900C55615 /* Products */ = {
			isa = PBXGroup;
			children = (
				454B8AAF294269D900C55615 /* SpringAnimationHW.app */,
			);
			name = Products;
			sourceTree = "<group>";
		};
		454B8AB1294269D900C55615 /* SpringAnimationHW */ = {
			isa = PBXGroup;
			children = (
				454B8AD02943B77500C55615 /* Delegate */,
				454B8ACF2943B76500C55615 /* Extension */,
				45A16AEF2943D65D00BC0AF4 /* ViewControllers */,
				45A16AEE2943D65400BC0AF4 /* Storage */,
				45A16AED2943D64700BC0AF4 /* Storyboard */,
				454B8AC0294269DC00C55615 /* Info.plist */,
			);
			path = SpringAnimationHW;
			sourceTree = "<group>";
		};
		454B8ACF2943B76500C55615 /* Extension */ = {
			isa = PBXGroup;
			children = (
				454B8AC92942712100C55615 /* Extension + UIButton.swift */,
			);
			path = Extension;
			sourceTree = "<group>";
		};
		454B8AD02943B77500C55615 /* Delegate */ = {
			isa = PBXGroup;
			children = (
				454B8AB2294269D900C55615 /* AppDelegate.swift */,
				454B8AB4294269D900C55615 /* SceneDelegate.swift */,
			);
			path = Delegate;
			sourceTree = "<group>";
		};
		45A16AED2943D64700BC0AF4 /* Storyboard */ = {
			isa = PBXGroup;
			children = (
				45A16AE92943CE9300BC0AF4 /* Main.storyboard */,
				45A16AEB2943CF3800BC0AF4 /* LaunchScreen.storyboard */,
			);
			path = Storyboard;
			sourceTree = "<group>";
		};
		45A16AEE2943D65400BC0AF4 /* Storage */ = {
			isa = PBXGroup;
			children = (
				454B8ABB294269DC00C55615 /* Assets.xcassets */,
			);
			path = Storage;
			sourceTree = "<group>";
		};
		45A16AEF2943D65D00BC0AF4 /* ViewControllers */ = {
			isa = PBXGroup;
			children = (
				454B8AB6294269D900C55615 /* AnimationViewController.swift */,
			);
			path = ViewControllers;
			sourceTree = "<group>";
		};
/* End PBXGroup section */

/* Begin PBXNativeTarget section */
		454B8AAE294269D900C55615 /* SpringAnimationHW */ = {
			isa = PBXNativeTarget;
			buildConfigurationList = 454B8AC3294269DC00C55615 /* Build configuration list for PBXNativeTarget "SpringAnimationHW" */;
			buildPhases = (
				454B8AAB294269D900C55615 /* Sources */,
				454B8AAC294269D900C55615 /* Frameworks */,
				454B8AAD294269D900C55615 /* Resources */,
			);
			buildRules = (
			);
			dependencies = (
			);
			name = SpringAnimationHW;
			packageProductDependencies = (
				454B8AC729426B0C00C55615 /* SpringAnimation */,
			);
			productName = SpringAnimationHW;
			productReference = 454B8AAF294269D900C55615 /* SpringAnimationHW.app */;
			productType = "com.apple.product-type.application";
		};
/* End PBXNativeTarget section */

/* Begin PBXProject section */
		454B8AA7294269D900C55615 /* Project object */ = {
			isa = PBXProject;
			attributes = {
				BuildIndependentTargetsInParallel = 1;
				LastSwiftUpdateCheck = 1410;
				LastUpgradeCheck = 1410;
				TargetAttributes = {
					454B8AAE294269D900C55615 = {
						CreatedOnToolsVersion = 14.1;
					};
				};
			};
			buildConfigurationList = 454B8AAA294269D900C55615 /* Build configuration list for PBXProject "SpringAnimationHW" */;
			compatibilityVersion = "Xcode 14.0";
			developmentRegion = en;
			hasScannedForEncodings = 0;
			knownRegions = (
				en,
				Base,
			);
			mainGroup = 454B8AA6294269D900C55615;
			packageReferences = (
				454B8AC629426B0C00C55615 /* XCRemoteSwiftPackageReference "SpringAnimation" */,
			);
			productRefGroup = 454B8AB0294269D900C55615 /* Products */;
			projectDirPath = "";
			projectRoot = "";
			targets = (
				454B8AAE294269D900C55615 /* SpringAnimationHW */,
			);
		};
/* End PBXProject section */

/* Begin PBXResourcesBuildPhase section */
		454B8AAD294269D900C55615 /* Resources */ = {
			isa = PBXResourcesBuildPhase;
			buildActionMask = 2147483647;
			files = (
				45A16AEC2943CF3800BC0AF4 /* LaunchScreen.storyboard in Resources */,
				454B8ABC294269DC00C55615 /* Assets.xcassets in Resources */,
				45A16AEA2943CE9300BC0AF4 /* Main.storyboard in Resources */,
			);
			runOnlyForDeploymentPostprocessing = 0;
		};
/* End PBXResourcesBuildPhase section */

/* Begin PBXSourcesBuildPhase section */
		454B8AAB294269D900C55615 /* Sources */ = {
			isa = PBXSourcesBuildPhase;
			buildActionMask = 2147483647;
			files = (
				454B8AB7294269D900C55615 /* AnimationViewController.swift in Sources */,
				454B8AB3294269D900C55615 /* AppDelegate.swift in Sources */,
				454B8AB5294269D900C55615 /* SceneDelegate.swift in Sources */,
				454B8ACA2942712100C55615 /* Extension + UIButton.swift in Sources */,
			);
			runOnlyForDeploymentPostprocessing = 0;
		};
/* End PBXSourcesBuildPhase section */

/* Begin XCBuildConfiguration section */
		454B8AC1294269DC00C55615 /* Debug */ = {
			isa = XCBuildConfiguration;
			buildSettings = {
				ALWAYS_SEARCH_USER_PATHS = NO;
				CLANG_ANALYZER_NONNULL = YES;
				CLANG_ANALYZER_NUMBER_OBJECT_CONVERSION = YES_AGGRESSIVE;
				CLANG_CXX_LANGUAGE_STANDARD = "gnu++20";
				CLANG_ENABLE_MODULES = YES;
				CLANG_ENABLE_OBJC_ARC = YES;
				CLANG_ENABLE_OBJC_WEAK = YES;
				CLANG_WARN_BLOCK_CAPTURE_AUTORELEASING = YES;
				CLANG_WARN_BOOL_CONVERSION = YES;
				CLANG_WARN_COMMA = YES;
				CLANG_WARN_CONSTANT_CONVERSION = YES;
				CLANG_WARN_DEPRECATED_OBJC_IMPLEMENTATIONS = YES;
				CLANG_WARN_DIRECT_OBJC_ISA_USAGE = YES_ERROR;
				CLANG_WARN_DOCUMENTATION_COMMENTS = YES;
				CLANG_WARN_EMPTY_BODY = YES;
				CLANG_WARN_ENUM_CONVERSION = YES;
				CLANG_WARN_INFINITE_RECURSION = YES;
				CLANG_WARN_INT_CONVERSION = YES;
				CLANG_WARN_NON_LITERAL_NULL_CONVERSION = YES;
				CLANG_WARN_OBJC_IMPLICIT_RETAIN_SELF = YES;
				CLANG_WARN_OBJC_LITERAL_CONVERSION = YES;
				CLANG_WARN_OBJC_ROOT_CLASS = YES_ERROR;
				CLANG_WARN_QUOTED_INCLUDE_IN_FRAMEWORK_HEADER = YES;
				CLANG_WARN_RANGE_LOOP_ANALYSIS = YES;
				CLANG_WARN_STRICT_PROTOTYPES = YES;
				CLANG_WARN_SUSPICIOUS_MOVE = YES;
				CLANG_WARN_UNGUARDED_AVAILABILITY = YES_AGGRESSIVE;
				CLANG_WARN_UNREACHABLE_CODE = YES;
				CLANG_WARN__DUPLICATE_METHOD_MATCH = YES;
				COPY_PHASE_STRIP = NO;
				DEBUG_INFORMATION_FORMAT = dwarf;
				ENABLE_STRICT_OBJC_MSGSEND = YES;
				ENABLE_TESTABILITY = YES;
				GCC_C_LANGUAGE_STANDARD = gnu11;
				GCC_DYNAMIC_NO_PIC = NO;
				GCC_NO_COMMON_BLOCKS = YES;
				GCC_OPTIMIZATION_LEVEL = 0;
				GCC_PREPROCESSOR_DEFINITIONS = (
					"DEBUG=1",
					"$(inherited)",
				);
				GCC_WARN_64_TO_32_BIT_CONVERSION = YES;
				GCC_WARN_ABOUT_RETURN_TYPE = YES_ERROR;
				GCC_WARN_UNDECLARED_SELECTOR = YES;
				GCC_WARN_UNINITIALIZED_AUTOS = YES_AGGRESSIVE;
				GCC_WARN_UNUSED_FUNCTION = YES;
				GCC_WARN_UNUSED_VARIABLE = YES;
				IPHONEOS_DEPLOYMENT_TARGET = 16.1;
				MTL_ENABLE_DEBUG_INFO = INCLUDE_SOURCE;
				MTL_FAST_MATH = YES;
				ONLY_ACTIVE_ARCH = YES;
				SDKROOT = iphoneos;
				SWIFT_ACTIVE_COMPILATION_CONDITIONS = DEBUG;
				SWIFT_OPTIMIZATION_LEVEL = "-Onone";
			};
			name = Debug;
		};
		454B8AC2294269DC00C55615 /* Release */ = {
			isa = XCBuildConfiguration;
			buildSettings = {
				ALWAYS_SEARCH_USER_PATHS = NO;
				CLANG_ANALYZER_NONNULL = YES;
				CLANG_ANALYZER_NUMBER_OBJECT_CONVERSION = YES_AGGRESSIVE;
				CLANG_CXX_LANGUAGE_STANDARD = "gnu++20";
				CLANG_ENABLE_MODULES = YES;
				CLANG_ENABLE_OBJC_ARC = YES;
				CLANG_ENABLE_OBJC_WEAK = YES;
				CLANG_WARN_BLOCK_CAPTURE_AUTORELEASING = YES;
				CLANG_WARN_BOOL_CONVERSION = YES;
				CLANG_WARN_COMMA = YES;
				CLANG_WARN_CONSTANT_CONVERSION = YES;
				CLANG_WARN_DEPRECATED_OBJC_IMPLEMENTATIONS = YES;
				CLANG_WARN_DIRECT_OBJC_ISA_USAGE = YES_ERROR;
				CLANG_WARN_DOCUMENTATION_COMMENTS = YES;
				CLANG_WARN_EMPTY_BODY = YES;
				CLANG_WARN_ENUM_CONVERSION = YES;
				CLANG_WARN_INFINITE_RECURSION = YES;
				CLANG_WARN_INT_CONVERSION = YES;
				CLANG_WARN_NON_LITERAL_NULL_CONVERSION = YES;
				CLANG_WARN_OBJC_IMPLICIT_RETAIN_SELF = YES;
				CLANG_WARN_OBJC_LITERAL_CONVERSION = YES;
				CLANG_WARN_OBJC_ROOT_CLASS = YES_ERROR;
				CLANG_WARN_QUOTED_INCLUDE_IN_FRAMEWORK_HEADER = YES;
				CLANG_WARN_RANGE_LOOP_ANALYSIS = YES;
				CLANG_WARN_STRICT_PROTOTYPES = YES;
				CLANG_WARN_SUSPICIOUS_MOVE = YES;
				CLANG_WARN_UNGUARDED_AVAILABILITY = YES_AGGRESSIVE;
				CLANG_WARN_UNREACHABLE_CODE = YES;
				CLANG_WARN__DUPLICATE_METHOD_MATCH = YES;
				COPY_PHASE_STRIP = NO;
				DEBUG_INFORMATION_FORMAT = "dwarf-with-dsym";
				ENABLE_NS_ASSERTIONS = NO;
				ENABLE_STRICT_OBJC_MSGSEND = YES;
				GCC_C_LANGUAGE_STANDARD = gnu11;
				GCC_NO_COMMON_BLOCKS = YES;
				GCC_WARN_64_TO_32_BIT_CONVERSION = YES;
				GCC_WARN_ABOUT_RETURN_TYPE = YES_ERROR;
				GCC_WARN_UNDECLARED_SELECTOR = YES;
				GCC_WARN_UNINITIALIZED_AUTOS = YES_AGGRESSIVE;
				GCC_WARN_UNUSED_FUNCTION = YES;
				GCC_WARN_UNUSED_VARIABLE = YES;
				IPHONEOS_DEPLOYMENT_TARGET = 16.1;
				MTL_ENABLE_DEBUG_INFO = NO;
				MTL_FAST_MATH = YES;
				SDKROOT = iphoneos;
				SWIFT_COMPILATION_MODE = wholemodule;
				SWIFT_OPTIMIZATION_LEVEL = "-O";
				VALIDATE_PRODUCT = YES;
			};
			name = Release;
		};
		454B8AC4294269DC00C55615 /* Debug */ = {
			isa = XCBuildConfiguration;
			buildSettings = {
				ASSETCATALOG_COMPILER_APPICON_NAME = AppIcon;
				ASSETCATALOG_COMPILER_GLOBAL_ACCENT_COLOR_NAME = AccentColor;
				CODE_SIGN_STYLE = Automatic;
				CURRENT_PROJECT_VERSION = 1;
				DEVELOPMENT_TEAM = 3U7YR864ST;
				GENERATE_INFOPLIST_FILE = YES;
				INFOPLIST_FILE = SpringAnimationHW/Info.plist;
				INFOPLIST_KEY_UIApplicationSupportsIndirectInputEvents = YES;
				INFOPLIST_KEY_UILaunchStoryboardName = LaunchScreen;
				INFOPLIST_KEY_UIMainStoryboardFile = Main;
				INFOPLIST_KEY_UISupportedInterfaceOrientations_iPad = "UIInterfaceOrientationPortrait UIInterfaceOrientationPortraitUpsideDown UIInterfaceOrientationLandscapeLeft UIInterfaceOrientationLandscapeRight";
				INFOPLIST_KEY_UISupportedInterfaceOrientations_iPhone = "UIInterfaceOrientationPortrait UIInterfaceOrientationLandscapeLeft UIInterfaceOrientationLandscapeRight";
				LD_RUNPATH_SEARCH_PATHS = (
					"$(inherited)",
					"@executable_path/Frameworks",
				);
				MARKETING_VERSION = 1.0;
				PRODUCT_BUNDLE_IDENTIFIER = "Danila-Bratinov.SpringAnimationHW";
				PRODUCT_NAME = "$(TARGET_NAME)";
				SUPPORTED_PLATFORMS = "iphoneos iphonesimulator";
				SUPPORTS_MACCATALYST = NO;
				SUPPORTS_MAC_DESIGNED_FOR_IPHONE_IPAD = NO;
				SWIFT_EMIT_LOC_STRINGS = YES;
				SWIFT_VERSION = 5.0;
				TARGETED_DEVICE_FAMILY = 1;
			};
			name = Debug;
		};
		454B8AC5294269DC00C55615 /* Release */ = {
			isa = XCBuildConfiguration;
			buildSettings = {
				ASSETCATALOG_COMPILER_APPICON_NAME = AppIcon;
				ASSETCATALOG_COMPILER_GLOBAL_ACCENT_COLOR_NAME = AccentColor;
				CODE_SIGN_STYLE = Automatic;
				CURRENT_PROJECT_VERSION = 1;
				DEVELOPMENT_TEAM = 3U7YR864ST;
				GENERATE_INFOPLIST_FILE = YES;
				INFOPLIST_FILE = SpringAnimationHW/Info.plist;
				INFOPLIST_KEY_UIApplicationSupportsIndirectInputEvents = YES;
				INFOPLIST_KEY_UILaunchStoryboardName = LaunchScreen;
				INFOPLIST_KEY_UIMainStoryboardFile = Main;
				INFOPLIST_KEY_UISupportedInterfaceOrientations_iPad = "UIInterfaceOrientationPortrait UIInterfaceOrientationPortraitUpsideDown UIInterfaceOrientationLandscapeLeft UIInterfaceOrientationLandscapeRight";
				INFOPLIST_KEY_UISupportedInterfaceOrientations_iPhone = "UIInterfaceOrientationPortrait UIInterfaceOrientationLandscapeLeft UIInterfaceOrientationLandscapeRight";
				LD_RUNPATH_SEARCH_PATHS = (
					"$(inherited)",
					"@executable_path/Frameworks",
				);
				MARKETING_VERSION = 1.0;
				PRODUCT_BUNDLE_IDENTIFIER = "Danila-Bratinov.SpringAnimationHW";
				PRODUCT_NAME = "$(TARGET_NAME)";
				SUPPORTED_PLATFORMS = "iphoneos iphonesimulator";
				SUPPORTS_MACCATALYST = NO;
				SUPPORTS_MAC_DESIGNED_FOR_IPHONE_IPAD = NO;
				SWIFT_EMIT_LOC_STRINGS = YES;
				SWIFT_VERSION = 5.0;
				TARGETED_DEVICE_FAMILY = 1;
			};
			name = Release;
		};
/* End XCBuildConfiguration section */

/* Begin XCConfigurationList section */
		454B8AAA294269D900C55615 /* Build configuration list for PBXProject "SpringAnimationHW" */ = {
			isa = XCConfigurationList;
			buildConfigurations = (
				454B8AC1294269DC00C55615 /* Debug */,
				454B8AC2294269DC00C55615 /* Release */,
			);
			defaultConfigurationIsVisible = 0;
			defaultConfigurationName = Release;
		};
		454B8AC3294269DC00C55615 /* Build configuration list for PBXNativeTarget "SpringAnimationHW" */ = {
			isa = XCConfigurationList;
			buildConfigurations = (
				454B8AC4294269DC00C55615 /* Debug */,
				454B8AC5294269DC00C55615 /* Release */,
			);
			defaultConfigurationIsVisible = 0;
			defaultConfigurationName = Release;
		};
/* End XCConfigurationList section */

/* Begin XCRemoteSwiftPackageReference section */
		454B8AC629426B0C00C55615 /* XCRemoteSwiftPackageReference "SpringAnimation" */ = {
			isa = XCRemoteSwiftPackageReference;
			repositoryURL = "https://github.com/LexDeBash/SpringAnimation.git";
			requirement = {
				kind = upToNextMinorVersion;
				minimumVersion = 0.3.0;
			};
		};
/* End XCRemoteSwiftPackageReference section */

/* Begin XCSwiftPackageProductDependency section */
		454B8AC729426B0C00C55615 /* SpringAnimation */ = {
			isa = XCSwiftPackageProductDependency;
			package = 454B8AC629426B0C00C55615 /* XCRemoteSwiftPackageReference "SpringAnimation" */;
			productName = SpringAnimation;
		};
/* End XCSwiftPackageProductDependency section */
	};
	rootObject = 454B8AA7294269D900C55615 /* Project object */;
}
